
Microsoft Visual Studio Solution File, Format Version 12.00
# Visual Studio 15
VisualStudioVersion = 15.0.26228.4
MinimumVisualStudioVersion = 10.0.40219.1
Project("{FAE04EC0-301F-11D3-BF4B-00C04F79EFBC}") = "c2", "c2\c2.csproj", "{8481AAC9-1460-46C0-9AE5-455C11026CFC}"
EndProject
Project("{2150E333-8FDC-42A3-9474-1A3956D46DE8}") = "Model", "Model", "{50878EDD-F4BD-4F31-8EC1-D0B552EF50A3}"
EndProject
Project("{2150E333-8FDC-42A3-9474-1A3956D46DE8}") = "Tool", "Tool", "{C9D70FE0-8D57-4867-AD3E-CCB01B9C4DB5}"
EndProject
Project("{2150E333-8FDC-42A3-9474-1A3956D46DE8}") = "Demo", "Demo", "{E33DE6BB-2337-4595-A4E5-0A2649F0F069}"
EndProject
Project("{2150E333-8FDC-42A3-9474-1A3956D46DE8}") = "Robot", "Robot", "{59C56FFF-6772-4DAE-97EA-B57AD23EDB7C}"
EndProject
Project("{2150E333-8FDC-42A3-9474-1A3956D46DE8}") = "TestProjects", "TestProjects", "{D7A98B66-5F7A-4004-BA9E-64CF9872A709}"
EndProject
Project("{2150E333-8FDC-42A3-9474-1A3956D46DE8}") = "Libraries", "Libraries", "{31A80B85-51EC-4B65-BDC1-7EF9A510CA8A}"
	ProjectSection(SolutionItems) = preProject
		D:\Panli\vssData\Panli.com\Libraries\AspNetPager.dll = D:\Panli\vssData\Panli.com\Libraries\AspNetPager.dll
		D:\Panli\vssData\Panli.com\Libraries\ICSharpCode.SharpZipLib.dll = D:\Panli\vssData\Panli.com\Libraries\ICSharpCode.SharpZipLib.dll
		D:\Panli\vssData\Panli.com\Libraries\NUniversalCharDet.dll = D:\Panli\vssData\Panli.com\Libraries\NUniversalCharDet.dll
		D:\Panli\vssData\Panli.com\Libraries\System.Data.SQLite.DLL = D:\Panli\vssData\Panli.com\Libraries\System.Data.SQLite.DLL
		D:\Panli\vssData\Panli.com\Libraries\TopSdk.dll = D:\Panli\vssData\Panli.com\Libraries\TopSdk.dll
	EndProjectSection
EndProject
Project("{2150E333-8FDC-42A3-9474-1A3956D46DE8}") = "Net", "Net", "{D9EF17BC-8BBB-4E19-A5E5-B368B32C04CE}"
EndProject
Project("{2150E333-8FDC-42A3-9474-1A3956D46DE8}") = "Panli.WCF.Services", "Panli.WCF.Services", "{F7A07552-DF96-485E-B9DE-92A4AEC86FE4}"
EndProject
Project("{2150E333-8FDC-42A3-9474-1A3956D46DE8}") = "ChinaBank", "ChinaBank", "{5EB3422E-FD54-435B-9F5A-D024091A326A}"
	ProjectSection(SolutionItems) = preProject
		D:\Panli\vssData\Panli.com\Libraries\CbCryptoWin32.dll = D:\Panli\vssData\Panli.com\Libraries\CbCryptoWin32.dll
		D:\Panli\vssData\Panli.com\Libraries\Hessiancsharp.dll = D:\Panli\vssData\Panli.com\Libraries\Hessiancsharp.dll
		D:\Panli\vssData\Panli.com\Libraries\MotoClientWin32.dll = D:\Panli\vssData\Panli.com\Libraries\MotoClientWin32.dll
	EndProjectSection
EndProject
Project("{FAE04EC0-301F-11D3-BF4B-00C04F79EFBC}") = "DAL", "D:\Panli\vssData\Panli.com\DAL\DAL.csproj", "{312D921A-741D-4D57-8380-04D2F2F2B7B1}"
EndProject
Project("{FAE04EC0-301F-11D3-BF4B-00C04F79EFBC}") = "Panli", "D:\Panli\vssData\Panli.com\Panli\Panli.csproj", "{12130DEC-06B2-4DB5-82DD-BC1A1C6628F5}"
EndProject
Project("{FAE04EC0-301F-11D3-BF4B-00C04F79EFBC}") = "Panli.Business", "D:\Panli\vssData\Panli.com\Panli.Business\Panli.Business.csproj", "{E94D8E98-FF79-4D46-8C5C-45F596D0C8C0}"
EndProject
Project("{FAE04EC0-301F-11D3-BF4B-00C04F79EFBC}") = "Panli.Demo.RichTextEditor", "D:\Panli\vssData\Panli.com\Panli.Demo.RichTextEditor\Panli.Demo.RichTextEditor.csproj", "{AF963FA8-DE3A-4702-B627-A82FBC34D6F2}"
EndProject
Project("{FAE04EC0-301F-11D3-BF4B-00C04F79EFBC}") = "Panli.Model", "D:\Panli\vssData\Panli.com\Panli.Model\Panli.Model.csproj", "{5DCC6B7E-8B44-4CB4-AA0A-6B55569D0D3B}"
EndProject
Project("{FAE04EC0-301F-11D3-BF4B-00C04F79EFBC}") = "Panli.Model.DataAccess", "D:\Panli\vssData\Panli.com\Panli.Model.DataAccess\Panli.Model.DataAccess.csproj", "{0A92BE3D-5031-4135-8533-3F4305C1936E}"
EndProject
Project("{FAE04EC0-301F-11D3-BF4B-00C04F79EFBC}") = "Panli.Tool.ImageUrlCrawler", "D:\Panli\vssData\Panli.com\Panli.Tool.ImageUrlCrawler\Panli.Tool.ImageUrlCrawler.csproj", "{196BC748-EFFC-4108-B2CE-1A6E7FAE1CD3}"
EndProject
Project("{FAE04EC0-301F-11D3-BF4B-00C04F79EFBC}") = "Panli.Tool.RenovateImages", "D:\Panli\vssData\Panli.com\Panli.Tool.RenovateImages\Panli.Tool.RenovateImages.csproj", "{85F1499E-20CE-4107-9BB4-89824B6E0AC7}"
EndProject
Project("{FAE04EC0-301F-11D3-BF4B-00C04F79EFBC}") = "Panli.Tool.RetrieveProfile", "D:\Panli\vssData\Panli.com\Panli.Tool.RetrieveProfile\Panli.Tool.RetrieveProfile.csproj", "{20A75264-012E-4F0B-8638-CB21205704FB}"
EndProject
Project("{FAE04EC0-301F-11D3-BF4B-00C04F79EFBC}") = "Panli.Web", "D:\Panli\vssData\Panli.com\Panli.Web\Panli.Web.csproj", "{A47E2BD0-F2F4-43D2-B4B0-83C25BDAFE56}"
EndProject
Project("{FAE04EC0-301F-11D3-BF4B-00C04F79EFBC}") = "WebBLL", "D:\Panli\vssData\Panli.com\WebBLL\WebBLL.csproj", "{90BDEE01-3756-4F65-998E-BA0EDD64BA3C}"
EndProject
Project("{E24C65DC-7377-472B-9ABA-BC803B73C61A}") = "oldsite", "D:\Panli\vssData\Panli.com\oldsite", "{46B5C752-9CD6-40F1-8C4C-1BB9086D968E}"
	ProjectSection(WebsiteProperties) = preProject
		SccProjectName = ""
		SccAuxPath = ""
		SccLocalPath = ""
		SccProvider = ""
		TargetFrameworkMoniker = ".NETFramework,Version%3Dv3.5"
		ProjectReferences = "{12130DEC-06B2-4DB5-82DD-BC1A1C6628F5}|Panli.dll;{312D921A-741D-4D57-8380-04D2F2F2B7B1}|DAL.dll;{E94D8E98-FF79-4D46-8C5C-45F596D0C8C0}|Panli.Business.dll;{0A92BE3D-5031-4135-8533-3F4305C1936E}|Panli.Model.DataAccess.dll;{5DCC6B7E-8B44-4CB4-AA0A-6B55569D0D3B}|Panli.Model.dll;{A47E2BD0-F2F4-43D2-B4B0-83C25BDAFE56}|Panli.Web.dll;{90BDEE01-3756-4F65-998E-BA0EDD64BA3C}|WebBLL.dll;{1A17EC79-F3D9-41C8-987D-350984CAB3EB}|Panli.Net.dll;{D276E094-3B73-4112-8DB5-973E2ED0A906}|Panli.Web.HttpModules.dll;{302EDEF4-4F2E-4AA5-B991-7199EF421C83}|Panli.Net.ServiceReferences.dll;{8D3A6688-7755-4A6A-9A3B-647DDE30E2D1}|Panli.Net.RealtimeSnatch.dll;{489FDDF6-623C-4231-A958-1B4097C6AF9F}|Panli.Business.ReadOnly.dll;{999E04DF-8642-4185-880E-596AF5998778}|WebBLL.ReadOnly.dll;"
		Debug.AspNetCompiler.VirtualPath = "/oldsite"
		Debug.AspNetCompiler.PhysicalPath = "D:\Panli\vssData\Panli.com\oldsite\"
		Debug.AspNetCompiler.TargetPath = "PrecompiledWeb\oldsite\"
		Debug.AspNetCompiler.Updateable = "true"
		Debug.AspNetCompiler.ForceOverwrite = "true"
		Debug.AspNetCompiler.FixedNames = "false"
		Debug.AspNetCompiler.Debug = "True"
		Release.AspNetCompiler.VirtualPath = "/oldsite"
		Release.AspNetCompiler.PhysicalPath = "D:\Panli\vssData\Panli.com\oldsite\"
		Release.AspNetCompiler.TargetPath = "PrecompiledWeb\oldsite\"
		Release.AspNetCompiler.Updateable = "true"
		Release.AspNetCompiler.ForceOverwrite = "true"
		Release.AspNetCompiler.FixedNames = "false"
		Release.AspNetCompiler.Debug = "False"
		VWDPort = "47521"
		SlnRelativePath = "D:\Panli\vssData\Panli.com\oldsite\"
	EndProjectSection
EndProject
Project("{FAE04EC0-301F-11D3-BF4B-00C04F79EFBC}") = "Panli.Robot.Postman", "D:\Panli\vssData\Panli.com\Panli.Robot.Postman\Panli.Robot.Postman.csproj", "{E9187DC4-1860-42C6-822A-690A89FEB03C}"
EndProject
Project("{FAE04EC0-301F-11D3-BF4B-00C04F79EFBC}") = "Panli.Site.SnatchProxy", "D:\Panli\vssData\Panli.com\Panli.Site.SnatchProxy\Panli.Site.SnatchProxy.csproj", "{33D15203-A4D6-4F2A-9CEC-71E0FB3F7052}"
EndProject
Project("{FAE04EC0-301F-11D3-BF4B-00C04F79EFBC}") = "Panli.TestProjects.TestSnatch", "D:\Panli\vssData\Panli.com\Panli.TestProjects.TestSnatch\Panli.TestProjects.TestSnatch.csproj", "{727C9595-0A04-4FA6-81BE-FFC25E8C83A4}"
EndProject
Project("{E24C65DC-7377-472B-9ABA-BC803B73C61A}") = "Panli.Site.Admin", "D:\Panli\vssData\Panli.com\Panli.Site.Admin", "{313437B8-6260-49CA-A456-3CA57F001E89}"
	ProjectSection(WebsiteProperties) = preProject
		SccProjectName = ""
		SccAuxPath = ""
		SccLocalPath = ""
		SccProvider = ""
		TargetFrameworkMoniker = ".NETFramework,Version%3Dv3.5"
		ProjectReferences = "{312D921A-741D-4D57-8380-04D2F2F2B7B1}|DAL.dll;{12130DEC-06B2-4DB5-82DD-BC1A1C6628F5}|Panli.dll;{E94D8E98-FF79-4D46-8C5C-45F596D0C8C0}|Panli.Business.dll;{90BDEE01-3756-4F65-998E-BA0EDD64BA3C}|WebBLL.dll;{A47E2BD0-F2F4-43D2-B4B0-83C25BDAFE56}|Panli.Web.dll;{0A92BE3D-5031-4135-8533-3F4305C1936E}|Panli.Model.DataAccess.dll;{5DCC6B7E-8B44-4CB4-AA0A-6B55569D0D3B}|Panli.Model.dll;{1A17EC79-F3D9-41C8-987D-350984CAB3EB}|Panli.Net.dll;{302EDEF4-4F2E-4AA5-B991-7199EF421C83}|Panli.Net.ServiceReferences.dll;{8D3A6688-7755-4A6A-9A3B-647DDE30E2D1}|Panli.Net.RealtimeSnatch.dll;{999E04DF-8642-4185-880E-596AF5998778}|WebBLL.ReadOnly.dll;{489FDDF6-623C-4231-A958-1B4097C6AF9F}|Panli.Business.ReadOnly.dll;"
		Debug.AspNetCompiler.VirtualPath = "/Panli.Site.Admin"
		Debug.AspNetCompiler.PhysicalPath = "D:\Panli\vssData\Panli.com\Panli.Site.Admin\"
		Debug.AspNetCompiler.TargetPath = "PrecompiledWeb\Panli.Site.Admin\"
		Debug.AspNetCompiler.Updateable = "true"
		Debug.AspNetCompiler.ForceOverwrite = "true"
		Debug.AspNetCompiler.FixedNames = "false"
		Debug.AspNetCompiler.Debug = "True"
		Release.AspNetCompiler.VirtualPath = "/Panli.Site.Admin"
		Release.AspNetCompiler.PhysicalPath = "D:\Panli\vssData\Panli.com\Panli.Site.Admin\"
		Release.AspNetCompiler.TargetPath = "PrecompiledWeb\Panli.Site.Admin\"
		Release.AspNetCompiler.Updateable = "true"
		Release.AspNetCompiler.ForceOverwrite = "true"
		Release.AspNetCompiler.FixedNames = "false"
		Release.AspNetCompiler.Debug = "False"
		VWDPort = "56229"
		SlnRelativePath = "D:\Panli\vssData\Panli.com\Panli.Site.Admin\"
		StartServerOnDebug = "false"
	EndProjectSection
EndProject
Project("{FAE04EC0-301F-11D3-BF4B-00C04F79EFBC}") = "Panli.Site.Passport", "D:\Panli\vssData\Panli.com\Panli.Site.Passport\Panli.Site.Passport.csproj", "{2DC58ABE-07D8-44A9-B268-70430A8EC6B3}"
EndProject
Project("{E24C65DC-7377-472B-9ABA-BC803B73C61A}") = "Panli.Site.Static", "D:\Panli\vssData\Panli.com\Panli.Site.Static", "{AE689CB5-CFDE-4D9A-A570-CE8E142C9BEE}"
	ProjectSection(WebsiteProperties) = preProject
		SccProjectName = ""
		SccAuxPath = ""
		SccLocalPath = ""
		SccProvider = ""
		TargetFrameworkMoniker = ".NETFramework,Version%3Dv3.5"
		Debug.AspNetCompiler.VirtualPath = "/Panli.Site.Static"
		Debug.AspNetCompiler.PhysicalPath = "D:\Panli\vssData\Panli.com\Panli.Site.Static\"
		Debug.AspNetCompiler.TargetPath = "PrecompiledWeb\Panli.Site.Static\"
		Debug.AspNetCompiler.Updateable = "true"
		Debug.AspNetCompiler.ForceOverwrite = "true"
		Debug.AspNetCompiler.FixedNames = "false"
		Debug.AspNetCompiler.Debug = "True"
		Release.AspNetCompiler.VirtualPath = "/Panli.Site.Static"
		Release.AspNetCompiler.PhysicalPath = "D:\Panli\vssData\Panli.com\Panli.Site.Static\"
		Release.AspNetCompiler.TargetPath = "PrecompiledWeb\Panli.Site.Static\"
		Release.AspNetCompiler.Updateable = "true"
		Release.AspNetCompiler.ForceOverwrite = "true"
		Release.AspNetCompiler.FixedNames = "false"
		Release.AspNetCompiler.Debug = "False"
		VWDPort = "45419"
		VWDDynamicPort = "false"
		SlnRelativePath = "D:\Panli\vssData\Panli.com\Panli.Site.Static\"
		DefaultWebSiteLanguage = "Visual C#"
		StartServerOnDebug = "false"
	EndProjectSection
EndProject
Project("{FAE04EC0-301F-11D3-BF4B-00C04F79EFBC}") = "Panli.Net", "D:\Panli\vssData\Panli.com\Panli.Net\Panli.Net.csproj", "{1A17EC79-F3D9-41C8-987D-350984CAB3EB}"
EndProject
Project("{FAE04EC0-301F-11D3-BF4B-00C04F79EFBC}") = "Panli.Robot.ProductUpdater", "D:\Panli\vssData\Panli.com\Panli.Robot.ProductUpdater\Panli.Robot.ProductUpdater.csproj", "{3A876EDD-337D-4CFA-AC57-DFCC93B1CE33}"
EndProject
Project("{FAE04EC0-301F-11D3-BF4B-00C04F79EFBC}") = "Panli.TestProjects.Jietuan", "D:\Panli\vssData\Panli.com\Panli.TestProjects.Jietuan\Panli.TestProjects.Jietuan.csproj", "{DE2A42A3-6F97-4E47-AAC3-ED7CDB715D5B}"
EndProject
Project("{E24C65DC-7377-472B-9ABA-BC803B73C61A}") = "Panli.Site.Pay", "D:\Panli\vssData\Panli.com\Panli.Site.Pay", "{C4481825-3864-4BB2-A110-FF45AAB91EB7}"
	ProjectSection(WebsiteProperties) = preProject
		SccProjectName = ""
		SccAuxPath = ""
		SccLocalPath = ""
		SccProvider = ""
		TargetFrameworkMoniker = ".NETFramework,Version%3Dv3.5"
		ProjectReferences = "{A47E2BD0-F2F4-43D2-B4B0-83C25BDAFE56}|Panli.Web.dll;{312D921A-741D-4D57-8380-04D2F2F2B7B1}|DAL.dll;{E94D8E98-FF79-4D46-8C5C-45F596D0C8C0}|Panli.Business.dll;{12130DEC-06B2-4DB5-82DD-BC1A1C6628F5}|Panli.dll;{0A92BE3D-5031-4135-8533-3F4305C1936E}|Panli.Model.DataAccess.dll;{5DCC6B7E-8B44-4CB4-AA0A-6B55569D0D3B}|Panli.Model.dll;{1A17EC79-F3D9-41C8-987D-350984CAB3EB}|Panli.Net.dll;{90BDEE01-3756-4F65-998E-BA0EDD64BA3C}|WebBLL.dll;{302EDEF4-4F2E-4AA5-B991-7199EF421C83}|Panli.Net.ServiceReferences.dll;{8D3A6688-7755-4A6A-9A3B-647DDE30E2D1}|Panli.Net.RealtimeSnatch.dll;"
		Debug.AspNetCompiler.VirtualPath = "/Panli.Site.Pay"
		Debug.AspNetCompiler.PhysicalPath = "D:\Panli\vssData\Panli.com\Panli.Site.Pay\"
		Debug.AspNetCompiler.TargetPath = "PrecompiledWeb\Panli.Site.Pay\"
		Debug.AspNetCompiler.Updateable = "true"
		Debug.AspNetCompiler.ForceOverwrite = "true"
		Debug.AspNetCompiler.FixedNames = "false"
		Debug.AspNetCompiler.Debug = "True"
		Release.AspNetCompiler.VirtualPath = "/Panli.Site.Pay"
		Release.AspNetCompiler.PhysicalPath = "D:\Panli\vssData\Panli.com\Panli.Site.Pay\"
		Release.AspNetCompiler.TargetPath = "PrecompiledWeb\Panli.Site.Pay\"
		Release.AspNetCompiler.Updateable = "true"
		Release.AspNetCompiler.ForceOverwrite = "true"
		Release.AspNetCompiler.FixedNames = "false"
		Release.AspNetCompiler.Debug = "False"
		VWDPort = "32840"
		SlnRelativePath = "D:\Panli\vssData\Panli.com\Panli.Site.Pay\"
		DefaultWebSiteLanguage = "Visual C#"
		StartServerOnDebug = "false"
	EndProjectSection
EndProject
Project("{FAE04EC0-301F-11D3-BF4B-00C04F79EFBC}") = "Panli.Web.HttpModules", "D:\Panli\vssData\Panli.com\Panli.Web.HttpModules\Panli.Web.HttpModules.csproj", "{D276E094-3B73-4112-8DB5-973E2ED0A906}"
EndProject
Project("{FAE04EC0-301F-11D3-BF4B-00C04F79EFBC}") = "Panli.Net.ServiceReferences", "D:\Panli\vssData\Panli.com\Panli.Net.Webservices\Panli.Net.ServiceReferences.csproj", "{302EDEF4-4F2E-4AA5-B991-7199EF421C83}"
EndProject
Project("{FAE04EC0-301F-11D3-BF4B-00C04F79EFBC}") = "Panli.Net.RealtimeSnatch", "D:\Panli\vssData\Panli.com\Panli.Net.RealtimeSnatch\Panli.Net.RealtimeSnatch.csproj", "{8D3A6688-7755-4A6A-9A3B-647DDE30E2D1}"
EndProject
Project("{FAE04EC0-301F-11D3-BF4B-00C04F79EFBC}") = "Panli.Net.Wcf", "D:\Panli\vssData\Panli.com\PanliWcf\Panli.Net.Wcf.csproj", "{59F5AB89-CBA5-40C9-A544-B3AEBC48E948}"
EndProject
Project("{FAE04EC0-301F-11D3-BF4B-00C04F79EFBC}") = "PanliToolHost", "D:\Panli\vssData\Panli.com\Panli.TollWCFService\PanliToolHost.csproj", "{08AF4EC8-F175-47E0-A193-FEE77962878D}"
EndProject
Project("{FAE04EC0-301F-11D3-BF4B-00C04F79EFBC}") = "PanliServiceLib", "D:\Panli\vssData\Panli.com\PanliServiceLib\PanliServiceLib.csproj", "{176984E7-8E5E-44D7-A513-8EAD02FD005B}"
EndProject
Project("{E24C65DC-7377-472B-9ABA-BC803B73C61A}") = "Panli.TestProjects.WebTest", "D:\Panli\vssData\Panli.com\Panli.TestProjects.WebTest", "{17537850-F2E9-4B62-9773-5E5C60A25084}"
	ProjectSection(WebsiteProperties) = preProject
		SccProjectName = ""
		SccAuxPath = ""
		SccLocalPath = ""
		SccProvider = ""
		TargetFrameworkMoniker = ".NETFramework,Version%3Dv3.5"
		ProjectReferences = "{E94D8E98-FF79-4D46-8C5C-45F596D0C8C0}|Panli.Business.dll;{312D921A-741D-4D57-8380-04D2F2F2B7B1}|DAL.dll;{12130DEC-06B2-4DB5-82DD-BC1A1C6628F5}|Panli.dll;{0A92BE3D-5031-4135-8533-3F4305C1936E}|Panli.Model.DataAccess.dll;{5DCC6B7E-8B44-4CB4-AA0A-6B55569D0D3B}|Panli.Model.dll;{1A17EC79-F3D9-41C8-987D-350984CAB3EB}|Panli.Net.dll;{8D3A6688-7755-4A6A-9A3B-647DDE30E2D1}|Panli.Net.RealtimeSnatch.dll;{302EDEF4-4F2E-4AA5-B991-7199EF421C83}|Panli.Net.ServiceReferences.dll;{90BDEE01-3756-4F65-998E-BA0EDD64BA3C}|WebBLL.dll;"
		Debug.AspNetCompiler.VirtualPath = "/Panli.TestProjects.WebTest"
		Debug.AspNetCompiler.PhysicalPath = "D:\Panli\vssData\Panli.com\Panli.TestProjects.WebTest\"
		Debug.AspNetCompiler.TargetPath = "PrecompiledWeb\Panli.TestProjects.WebTest\"
		Debug.AspNetCompiler.Updateable = "true"
		Debug.AspNetCompiler.ForceOverwrite = "true"
		Debug.AspNetCompiler.FixedNames = "false"
		Debug.AspNetCompiler.Debug = "True"
		Release.AspNetCompiler.VirtualPath = "/Panli.TestProjects.WebTest"
		Release.AspNetCompiler.PhysicalPath = "D:\Panli\vssData\Panli.com\Panli.TestProjects.WebTest\"
		Release.AspNetCompiler.TargetPath = "PrecompiledWeb\Panli.TestProjects.WebTest\"
		Release.AspNetCompiler.Updateable = "true"
		Release.AspNetCompiler.ForceOverwrite = "true"
		Release.AspNetCompiler.FixedNames = "false"
		Release.AspNetCompiler.Debug = "False"
		VWDPort = "28158"
		SlnRelativePath = "D:\Panli\vssData\Panli.com\Panli.TestProjects.WebTest\"
		DefaultWebSiteLanguage = "Visual C#"
		StartServerOnDebug = "false"
	EndProjectSection
EndProject
Project("{FAE04EC0-301F-11D3-BF4B-00C04F79EFBC}") = "WebBLL.ReadOnly", "D:\Panli\vssData\Panli.com\WebBLL.ReadOnly\WebBLL.ReadOnly.csproj", "{999E04DF-8642-4185-880E-596AF5998778}"
EndProject
Project("{FAE04EC0-301F-11D3-BF4B-00C04F79EFBC}") = "Panli.Business.ReadOnly", "D:\Panli\vssData\Panli.com\Panli.Business.ReadOnly\Panli.Business.ReadOnly.csproj", "{489FDDF6-623C-4231-A958-1B4097C6AF9F}"
EndProject
Project("{FAE04EC0-301F-11D3-BF4B-00C04F79EFBC}") = "Panli.WCF.Services.ShipCartBuilderHost", "D:\Panli\vssData\Panli.com\Panli.WCF.Services.ShipCartBuilderHost\Panli.WCF.Services.ShipCartBuilderHost.csproj", "{869A01D7-0E8F-482A-9DB4-C547D0DA592F}"
EndProject
Project("{E24C65DC-7377-472B-9ABA-BC803B73C61A}") = "Panli.Site.Admin.Caigou", "D:\Panli\vssData\Panli.com\Panli.Site.Admin.Caigou", "{AB0BF664-6779-4E75-8BA9-2566CAFD2006}"
	ProjectSection(WebsiteProperties) = preProject
		SccProjectName = ""
		SccAuxPath = ""
		SccLocalPath = ""
		SccProvider = ""
		TargetFrameworkMoniker = ".NETFramework,Version%3Dv4.0"
		ProjectReferences = "{A47E2BD0-F2F4-43D2-B4B0-83C25BDAFE56}|Panli.Web.dll;{312D921A-741D-4D57-8380-04D2F2F2B7B1}|DAL.dll;{E94D8E98-FF79-4D46-8C5C-45F596D0C8C0}|Panli.Business.dll;{12130DEC-06B2-4DB5-82DD-BC1A1C6628F5}|Panli.dll;{0A92BE3D-5031-4135-8533-3F4305C1936E}|Panli.Model.DataAccess.dll;{5DCC6B7E-8B44-4CB4-AA0A-6B55569D0D3B}|Panli.Model.dll;{1A17EC79-F3D9-41C8-987D-350984CAB3EB}|Panli.Net.dll;{302EDEF4-4F2E-4AA5-B991-7199EF421C83}|Panli.Net.ServiceReferences.dll;{8D3A6688-7755-4A6A-9A3B-647DDE30E2D1}|Panli.Net.RealtimeSnatch.dll;{90BDEE01-3756-4F65-998E-BA0EDD64BA3C}|WebBLL.dll;{999E04DF-8642-4185-880E-596AF5998778}|WebBLL.ReadOnly.dll;"
		Debug.AspNetCompiler.VirtualPath = "/Panli.Site.Admin.Caigou"
		Debug.AspNetCompiler.PhysicalPath = "D:\Panli\vssData\Panli.com\Panli.Site.Admin.Caigou\"
		Debug.AspNetCompiler.TargetPath = "PrecompiledWeb\Panli.Site.Admin.Caigou\"
		Debug.AspNetCompiler.Updateable = "true"
		Debug.AspNetCompiler.ForceOverwrite = "true"
		Debug.AspNetCompiler.FixedNames = "false"
		Debug.AspNetCompiler.Debug = "True"
		Release.AspNetCompiler.VirtualPath = "/Panli.Site.Admin.Caigou"
		Release.AspNetCompiler.PhysicalPath = "D:\Panli\vssData\Panli.com\Panli.Site.Admin.Caigou\"
		Release.AspNetCompiler.TargetPath = "PrecompiledWeb\Panli.Site.Admin.Caigou\"
		Release.AspNetCompiler.Updateable = "true"
		Release.AspNetCompiler.ForceOverwrite = "true"
		Release.AspNetCompiler.FixedNames = "false"
		Release.AspNetCompiler.Debug = "False"
		VWDPort = "26402"
		SlnRelativePath = "D:\Panli\vssData\Panli.com\Panli.Site.Admin.Caigou\"
		DefaultWebSiteLanguage = "Visual C#"
		StartServerOnDebug = "false"
	EndProjectSection
EndProject
Project("{E24C65DC-7377-472B-9ABA-BC803B73C61A}") = "Panli.Site.En", "D:\Panli\vssData\Panli.com\Panli.Site.En", "{0C1E58F4-5059-465D-8A90-2C1849EE921D}"
	ProjectSection(WebsiteProperties) = preProject
		SccProjectName = ""
		SccAuxPath = ""
		SccLocalPath = ""
		SccProvider = ""
		TargetFrameworkMoniker = ".NETFramework,Version%3Dv4.0"
		ProjectReferences = "{5DCC6B7E-8B44-4CB4-AA0A-6B55569D0D3B}|Panli.Model.dll;{12130DEC-06B2-4DB5-82DD-BC1A1C6628F5}|Panli.dll;{0A92BE3D-5031-4135-8533-3F4305C1936E}|Panli.Model.DataAccess.dll;{312D921A-741D-4D57-8380-04D2F2F2B7B1}|DAL.dll;{E94D8E98-FF79-4D46-8C5C-45F596D0C8C0}|Panli.Business.dll;{1A17EC79-F3D9-41C8-987D-350984CAB3EB}|Panli.Net.dll;{302EDEF4-4F2E-4AA5-B991-7199EF421C83}|Panli.Net.ServiceReferences.dll;{8D3A6688-7755-4A6A-9A3B-647DDE30E2D1}|Panli.Net.RealtimeSnatch.dll;{90BDEE01-3756-4F65-998E-BA0EDD64BA3C}|WebBLL.dll;{999E04DF-8642-4185-880E-596AF5998778}|WebBLL.ReadOnly.dll;{A47E2BD0-F2F4-43D2-B4B0-83C25BDAFE56}|Panli.Web.dll;"
		Debug.AspNetCompiler.VirtualPath = "/Panli.Site.En"
		Debug.AspNetCompiler.PhysicalPath = "D:\Panli\vssData\Panli.com\Panli.Site.En\"
		Debug.AspNetCompiler.TargetPath = "PrecompiledWeb\Panli.Site.En\"
		Debug.AspNetCompiler.Updateable = "true"
		Debug.AspNetCompiler.ForceOverwrite = "true"
		Debug.AspNetCompiler.FixedNames = "false"
		Debug.AspNetCompiler.Debug = "True"
		Release.AspNetCompiler.VirtualPath = "/Panli.Site.En"
		Release.AspNetCompiler.PhysicalPath = "D:\Panli\vssData\Panli.com\Panli.Site.En\"
		Release.AspNetCompiler.TargetPath = "PrecompiledWeb\Panli.Site.En\"
		Release.AspNetCompiler.Updateable = "true"
		Release.AspNetCompiler.ForceOverwrite = "true"
		Release.AspNetCompiler.FixedNames = "false"
		Release.AspNetCompiler.Debug = "False"
		VWDPort = "26406"
		SlnRelativePath = "D:\Panli\vssData\Panli.com\Panli.Site.En\"
		DefaultWebSiteLanguage = "Visual C#"
		StartServerOnDebug = "false"
	EndProjectSection
EndProject
Project("{FAE04EC0-301F-11D3-BF4B-00C04F79EFBC}") = "Panli.WCF.Services.ExpressClient", "D:\Panli\vssData\Panli.com\Panli.WCF.Service.ExpressClient\Panli.WCF.Services.ExpressClient.csproj", "{578C1513-703F-4ACB-8B7E-73737923C287}"
EndProject
Global
	GlobalSection(SolutionConfigurationPlatforms) = preSolution
		Debug|Any CPU = Debug|Any CPU
		Debug|Mixed Platforms = Debug|Mixed Platforms
		Debug|x86 = Debug|x86
		Release|Any CPU = Release|Any CPU
		Release|Mixed Platforms = Release|Mixed Platforms
		Release|x86 = Release|x86
	EndGlobalSection
	GlobalSection(ProjectConfigurationPlatforms) = postSolution
		{8481AAC9-1460-46C0-9AE5-455C11026CFC}.Debug|Any CPU.ActiveCfg = Debug|Any CPU
		{8481AAC9-1460-46C0-9AE5-455C11026CFC}.Debug|Any CPU.Build.0 = Debug|Any CPU
		{8481AAC9-1460-46C0-9AE5-455C11026CFC}.Debug|Mixed Platforms.ActiveCfg = Debug|Any CPU
		{8481AAC9-1460-46C0-9AE5-455C11026CFC}.Debug|Mixed Platforms.Build.0 = Debug|Any CPU
		{8481AAC9-1460-46C0-9AE5-455C11026CFC}.Debug|x86.ActiveCfg = Debug|Any CPU
		{8481AAC9-1460-46C0-9AE5-455C11026CFC}.Debug|x86.Build.0 = Debug|Any CPU
		{8481AAC9-1460-46C0-9AE5-455C11026CFC}.Release|Any CPU.ActiveCfg = Release|Any CPU
		{8481AAC9-1460-46C0-9AE5-455C11026CFC}.Release|Any CPU.Build.0 = Release|Any CPU
		{8481AAC9-1460-46C0-9AE5-455C11026CFC}.Release|Mixed Platforms.ActiveCfg = Release|Any CPU
		{8481AAC9-1460-46C0-9AE5-455C11026CFC}.Release|Mixed Platforms.Build.0 = Release|Any CPU
		{8481AAC9-1460-46C0-9AE5-455C11026CFC}.Release|x86.ActiveCfg = Release|Any CPU
		{8481AAC9-1460-46C0-9AE5-455C11026CFC}.Release|x86.Build.0 = Release|Any CPU
		{312D921A-741D-4D57-8380-04D2F2F2B7B1}.Debug|Any CPU.ActiveCfg = Debug|Any CPU
		{312D921A-741D-4D57-8380-04D2F2F2B7B1}.Debug|Any CPU.Build.0 = Debug|Any CPU
		{312D921A-741D-4D57-8380-04D2F2F2B7B1}.Debug|Mixed Platforms.ActiveCfg = Debug|Any CPU
		{312D921A-741D-4D57-8380-04D2F2F2B7B1}.Debug|Mixed Platforms.Build.0 = Debug|Any CPU
		{312D921A-741D-4D57-8380-04D2F2F2B7B1}.Debug|x86.ActiveCfg = Debug|Any CPU
		{312D921A-741D-4D57-8380-04D2F2F2B7B1}.Release|Any CPU.ActiveCfg = Debug|Any CPU
		{312D921A-741D-4D57-8380-04D2F2F2B7B1}.Release|Any CPU.Build.0 = Debug|Any CPU
		{312D921A-741D-4D57-8380-04D2F2F2B7B1}.Release|Mixed Platforms.ActiveCfg = Release|Any CPU
		{312D921A-741D-4D57-8380-04D2F2F2B7B1}.Release|Mixed Platforms.Build.0 = Release|Any CPU
		{312D921A-741D-4D57-8380-04D2F2F2B7B1}.Release|x86.ActiveCfg = Release|Any CPU
		{12130DEC-06B2-4DB5-82DD-BC1A1C6628F5}.Debug|Any CPU.ActiveCfg = Debug|Any CPU
		{12130DEC-06B2-4DB5-82DD-BC1A1C6628F5}.Debug|Any CPU.Build.0 = Debug|Any CPU
		{12130DEC-06B2-4DB5-82DD-BC1A1C6628F5}.Debug|Mixed Platforms.ActiveCfg = Debug|Any CPU
		{12130DEC-06B2-4DB5-82DD-BC1A1C6628F5}.Debug|Mixed Platforms.Build.0 = Debug|Any CPU
		{12130DEC-06B2-4DB5-82DD-BC1A1C6628F5}.Debug|x86.ActiveCfg = Debug|Any CPU
		{12130DEC-06B2-4DB5-82DD-BC1A1C6628F5}.Release|Any CPU.ActiveCfg = Release|Any CPU
		{12130DEC-06B2-4DB5-82DD-BC1A1C6628F5}.Release|Any CPU.Build.0 = Release|Any CPU
		{12130DEC-06B2-4DB5-82DD-BC1A1C6628F5}.Release|Mixed Platforms.ActiveCfg = Release|Any CPU
		{12130DEC-06B2-4DB5-82DD-BC1A1C6628F5}.Release|Mixed Platforms.Build.0 = Release|Any CPU
		{12130DEC-06B2-4DB5-82DD-BC1A1C6628F5}.Release|x86.ActiveCfg = Release|Any CPU
		{E94D8E98-FF79-4D46-8C5C-45F596D0C8C0}.Debug|Any CPU.ActiveCfg = Debug|Any CPU
		{E94D8E98-FF79-4D46-8C5C-45F596D0C8C0}.Debug|Any CPU.Build.0 = Debug|Any CPU
		{E94D8E98-FF79-4D46-8C5C-45F596D0C8C0}.Debug|Mixed Platforms.ActiveCfg = Debug|Any CPU
		{E94D8E98-FF79-4D46-8C5C-45F596D0C8C0}.Debug|Mixed Platforms.Build.0 = Debug|Any CPU
		{E94D8E98-FF79-4D46-8C5C-45F596D0C8C0}.Debug|x86.ActiveCfg = Debug|Any CPU
		{E94D8E98-FF79-4D46-8C5C-45F596D0C8C0}.Release|Any CPU.ActiveCfg = Release|Any CPU
		{E94D8E98-FF79-4D46-8C5C-45F596D0C8C0}.Release|Any CPU.Build.0 = Release|Any CPU
		{E94D8E98-FF79-4D46-8C5C-45F596D0C8C0}.Release|Mixed Platforms.ActiveCfg = Release|Any CPU
		{E94D8E98-FF79-4D46-8C5C-45F596D0C8C0}.Release|Mixed Platforms.Build.0 = Release|Any CPU
		{E94D8E98-FF79-4D46-8C5C-45F596D0C8C0}.Release|x86.ActiveCfg = Release|Any CPU
		{AF963FA8-DE3A-4702-B627-A82FBC34D6F2}.Debug|Any CPU.ActiveCfg = Debug|Any CPU
		{AF963FA8-DE3A-4702-B627-A82FBC34D6F2}.Debug|Any CPU.Build.0 = Debug|Any CPU
		{AF963FA8-DE3A-4702-B627-A82FBC34D6F2}.Debug|Mixed Platforms.ActiveCfg = Debug|Any CPU
		{AF963FA8-DE3A-4702-B627-A82FBC34D6F2}.Debug|Mixed Platforms.Build.0 = Debug|Any CPU
		{AF963FA8-DE3A-4702-B627-A82FBC34D6F2}.Debug|x86.ActiveCfg = Debug|Any CPU
		{AF963FA8-DE3A-4702-B627-A82FBC34D6F2}.Release|Any CPU.ActiveCfg = Release|Any CPU
		{AF963FA8-DE3A-4702-B627-A82FBC34D6F2}.Release|Any CPU.Build.0 = Release|Any CPU
		{AF963FA8-DE3A-4702-B627-A82FBC34D6F2}.Release|Mixed Platforms.ActiveCfg = Release|Any CPU
		{AF963FA8-DE3A-4702-B627-A82FBC34D6F2}.Release|Mixed Platforms.Build.0 = Release|Any CPU
		{AF963FA8-DE3A-4702-B627-A82FBC34D6F2}.Release|x86.ActiveCfg = Release|Any CPU
		{5DCC6B7E-8B44-4CB4-AA0A-6B55569D0D3B}.Debug|Any CPU.ActiveCfg = Debug|Any CPU
		{5DCC6B7E-8B44-4CB4-AA0A-6B55569D0D3B}.Debug|Any CPU.Build.0 = Debug|Any CPU
		{5DCC6B7E-8B44-4CB4-AA0A-6B55569D0D3B}.Debug|Mixed Platforms.ActiveCfg = Debug|Any CPU
		{5DCC6B7E-8B44-4CB4-AA0A-6B55569D0D3B}.Debug|Mixed Platforms.Build.0 = Debug|Any CPU
		{5DCC6B7E-8B44-4CB4-AA0A-6B55569D0D3B}.Debug|x86.ActiveCfg = Debug|Any CPU
		{5DCC6B7E-8B44-4CB4-AA0A-6B55569D0D3B}.Release|Any CPU.ActiveCfg = Release|Any CPU
		{5DCC6B7E-8B44-4CB4-AA0A-6B55569D0D3B}.Release|Any CPU.Build.0 = Release|Any CPU
		{5DCC6B7E-8B44-4CB4-AA0A-6B55569D0D3B}.Release|Mixed Platforms.ActiveCfg = Release|Any CPU
		{5DCC6B7E-8B44-4CB4-AA0A-6B55569D0D3B}.Release|Mixed Platforms.Build.0 = Release|Any CPU
		{5DCC6B7E-8B44-4CB4-AA0A-6B55569D0D3B}.Release|x86.ActiveCfg = Release|Any CPU
		{0A92BE3D-5031-4135-8533-3F4305C1936E}.Debug|Any CPU.ActiveCfg = Debug|Any CPU
		{0A92BE3D-5031-4135-8533-3F4305C1936E}.Debug|Any CPU.Build.0 = Debug|Any CPU
		{0A92BE3D-5031-4135-8533-3F4305C1936E}.Debug|Mixed Platforms.ActiveCfg = Debug|Any CPU
		{0A92BE3D-5031-4135-8533-3F4305C1936E}.Debug|Mixed Platforms.Build.0 = Debug|Any CPU
		{0A92BE3D-5031-4135-8533-3F4305C1936E}.Debug|x86.ActiveCfg = Debug|Any CPU
		{0A92BE3D-5031-4135-8533-3F4305C1936E}.Release|Any CPU.ActiveCfg = Release|Any CPU
		{0A92BE3D-5031-4135-8533-3F4305C1936E}.Release|Any CPU.Build.0 = Release|Any CPU
		{0A92BE3D-5031-4135-8533-3F4305C1936E}.Release|Mixed Platforms.ActiveCfg = Release|Any CPU
		{0A92BE3D-5031-4135-8533-3F4305C1936E}.Release|Mixed Platforms.Build.0 = Release|Any CPU
		{0A92BE3D-5031-4135-8533-3F4305C1936E}.Release|x86.ActiveCfg = Release|Any CPU
		{196BC748-EFFC-4108-B2CE-1A6E7FAE1CD3}.Debug|Any CPU.ActiveCfg = Debug|Any CPU
		{196BC748-EFFC-4108-B2CE-1A6E7FAE1CD3}.Debug|Any CPU.Build.0 = Debug|Any CPU
		{196BC748-EFFC-4108-B2CE-1A6E7FAE1CD3}.Debug|Mixed Platforms.ActiveCfg = Debug|Any CPU
		{196BC748-EFFC-4108-B2CE-1A6E7FAE1CD3}.Debug|Mixed Platforms.Build.0 = Debug|Any CPU
		{196BC748-EFFC-4108-B2CE-1A6E7FAE1CD3}.Debug|x86.ActiveCfg = Debug|Any CPU
		{196BC748-EFFC-4108-B2CE-1A6E7FAE1CD3}.Release|Any CPU.ActiveCfg = Release|Any CPU
		{196BC748-EFFC-4108-B2CE-1A6E7FAE1CD3}.Release|Any CPU.Build.0 = Release|Any CPU
		{196BC748-EFFC-4108-B2CE-1A6E7FAE1CD3}.Release|Mixed Platforms.ActiveCfg = Release|Any CPU
		{196BC748-EFFC-4108-B2CE-1A6E7FAE1CD3}.Release|Mixed Platforms.Build.0 = Release|Any CPU
		{196BC748-EFFC-4108-B2CE-1A6E7FAE1CD3}.Release|x86.ActiveCfg = Release|Any CPU
		{85F1499E-20CE-4107-9BB4-89824B6E0AC7}.Debug|Any CPU.ActiveCfg = Debug|Any CPU
		{85F1499E-20CE-4107-9BB4-89824B6E0AC7}.Debug|Any CPU.Build.0 = Debug|Any CPU
		{85F1499E-20CE-4107-9BB4-89824B6E0AC7}.Debug|Mixed Platforms.ActiveCfg = Debug|Any CPU
		{85F1499E-20CE-4107-9BB4-89824B6E0AC7}.Debug|Mixed Platforms.Build.0 = Debug|Any CPU
		{85F1499E-20CE-4107-9BB4-89824B6E0AC7}.Debug|x86.ActiveCfg = Debug|Any CPU
		{85F1499E-20CE-4107-9BB4-89824B6E0AC7}.Release|Any CPU.ActiveCfg = Release|Any CPU
		{85F1499E-20CE-4107-9BB4-89824B6E0AC7}.Release|Any CPU.Build.0 = Release|Any CPU
		{85F1499E-20CE-4107-9BB4-89824B6E0AC7}.Release|Mixed Platforms.ActiveCfg = Release|Any CPU
		{85F1499E-20CE-4107-9BB4-89824B6E0AC7}.Release|Mixed Platforms.Build.0 = Release|Any CPU
		{85F1499E-20CE-4107-9BB4-89824B6E0AC7}.Release|x86.ActiveCfg = Release|Any CPU
		{20A75264-012E-4F0B-8638-CB21205704FB}.Debug|Any CPU.ActiveCfg = Debug|Any CPU
		{20A75264-012E-4F0B-8638-CB21205704FB}.Debug|Any CPU.Build.0 = Debug|Any CPU
		{20A75264-012E-4F0B-8638-CB21205704FB}.Debug|Mixed Platforms.ActiveCfg = Debug|Any CPU
		{20A75264-012E-4F0B-8638-CB21205704FB}.Debug|Mixed Platforms.Build.0 = Debug|Any CPU
		{20A75264-012E-4F0B-8638-CB21205704FB}.Debug|x86.ActiveCfg = Debug|Any CPU
		{20A75264-012E-4F0B-8638-CB21205704FB}.Release|Any CPU.ActiveCfg = Release|Any CPU
		{20A75264-012E-4F0B-8638-CB21205704FB}.Release|Any CPU.Build.0 = Release|Any CPU
		{20A75264-012E-4F0B-8638-CB21205704FB}.Release|Mixed Platforms.ActiveCfg = Release|Any CPU
		{20A75264-012E-4F0B-8638-CB21205704FB}.Release|Mixed Platforms.Build.0 = Release|Any CPU
		{20A75264-012E-4F0B-8638-CB21205704FB}.Release|x86.ActiveCfg = Release|Any CPU
		{A47E2BD0-F2F4-43D2-B4B0-83C25BDAFE56}.Debug|Any CPU.ActiveCfg = Debug|Any CPU
		{A47E2BD0-F2F4-43D2-B4B0-83C25BDAFE56}.Debug|Any CPU.Build.0 = Debug|Any CPU
		{A47E2BD0-F2F4-43D2-B4B0-83C25BDAFE56}.Debug|Mixed Platforms.ActiveCfg = Debug|Any CPU
		{A47E2BD0-F2F4-43D2-B4B0-83C25BDAFE56}.Debug|Mixed Platforms.Build.0 = Debug|Any CPU
		{A47E2BD0-F2F4-43D2-B4B0-83C25BDAFE56}.Debug|x86.ActiveCfg = Debug|Any CPU
		{A47E2BD0-F2F4-43D2-B4B0-83C25BDAFE56}.Release|Any CPU.ActiveCfg = Release|Any CPU
		{A47E2BD0-F2F4-43D2-B4B0-83C25BDAFE56}.Release|Any CPU.Build.0 = Release|Any CPU
		{A47E2BD0-F2F4-43D2-B4B0-83C25BDAFE56}.Release|Mixed Platforms.ActiveCfg = Release|Any CPU
		{A47E2BD0-F2F4-43D2-B4B0-83C25BDAFE56}.Release|Mixed Platforms.Build.0 = Release|Any CPU
		{A47E2BD0-F2F4-43D2-B4B0-83C25BDAFE56}.Release|x86.ActiveCfg = Release|Any CPU
		{90BDEE01-3756-4F65-998E-BA0EDD64BA3C}.Debug|Any CPU.ActiveCfg = Debug|Any CPU
		{90BDEE01-3756-4F65-998E-BA0EDD64BA3C}.Debug|Any CPU.Build.0 = Debug|Any CPU
		{90BDEE01-3756-4F65-998E-BA0EDD64BA3C}.Debug|Mixed Platforms.ActiveCfg = Debug|Any CPU
		{90BDEE01-3756-4F65-998E-BA0EDD64BA3C}.Debug|Mixed Platforms.Build.0 = Debug|Any CPU
		{90BDEE01-3756-4F65-998E-BA0EDD64BA3C}.Debug|x86.ActiveCfg = Debug|Any CPU
		{90BDEE01-3756-4F65-998E-BA0EDD64BA3C}.Release|Any CPU.ActiveCfg = Release|Any CPU
		{90BDEE01-3756-4F65-998E-BA0EDD64BA3C}.Release|Any CPU.Build.0 = Release|Any CPU
		{90BDEE01-3756-4F65-998E-BA0EDD64BA3C}.Release|Mixed Platforms.ActiveCfg = Release|Any CPU
		{90BDEE01-3756-4F65-998E-BA0EDD64BA3C}.Release|Mixed Platforms.Build.0 = Release|Any CPU
		{90BDEE01-3756-4F65-998E-BA0EDD64BA3C}.Release|x86.ActiveCfg = Release|Any CPU
		{46B5C752-9CD6-40F1-8C4C-1BB9086D968E}.Debug|Any CPU.ActiveCfg = Debug|Any CPU
		{46B5C752-9CD6-40F1-8C4C-1BB9086D968E}.Debug|Any CPU.Build.0 = Debug|Any CPU
		{46B5C752-9CD6-40F1-8C4C-1BB9086D968E}.Debug|Mixed Platforms.ActiveCfg = Debug|Any CPU
		{46B5C752-9CD6-40F1-8C4C-1BB9086D968E}.Debug|x86.ActiveCfg = Debug|Any CPU
		{46B5C752-9CD6-40F1-8C4C-1BB9086D968E}.Release|Any CPU.ActiveCfg = Debug|Any CPU
		{46B5C752-9CD6-40F1-8C4C-1BB9086D968E}.Release|Any CPU.Build.0 = Debug|Any CPU
		{46B5C752-9CD6-40F1-8C4C-1BB9086D968E}.Release|Mixed Platforms.ActiveCfg = Debug|Any CPU
		{46B5C752-9CD6-40F1-8C4C-1BB9086D968E}.Release|x86.ActiveCfg = Debug|Any CPU
		{E9187DC4-1860-42C6-822A-690A89FEB03C}.Debug|Any CPU.ActiveCfg = Release|Any CPU
		{E9187DC4-1860-42C6-822A-690A89FEB03C}.Debug|Any CPU.Build.0 = Release|Any CPU
		{E9187DC4-1860-42C6-822A-690A89FEB03C}.Debug|Mixed Platforms.ActiveCfg = Debug|Any CPU
		{E9187DC4-1860-42C6-822A-690A89FEB03C}.Debug|Mixed Platforms.Build.0 = Debug|Any CPU
		{E9187DC4-1860-42C6-822A-690A89FEB03C}.Debug|x86.ActiveCfg = Debug|Any CPU
		{E9187DC4-1860-42C6-822A-690A89FEB03C}.Release|Any CPU.ActiveCfg = Release|Any CPU
		{E9187DC4-1860-42C6-822A-690A89FEB03C}.Release|Any CPU.Build.0 = Release|Any CPU
		{E9187DC4-1860-42C6-822A-690A89FEB03C}.Release|Mixed Platforms.ActiveCfg = Release|Any CPU
		{E9187DC4-1860-42C6-822A-690A89FEB03C}.Release|Mixed Platforms.Build.0 = Release|Any CPU
		{E9187DC4-1860-42C6-822A-690A89FEB03C}.Release|x86.ActiveCfg = Release|Any CPU
		{33D15203-A4D6-4F2A-9CEC-71E0FB3F7052}.Debug|Any CPU.ActiveCfg = Debug|Any CPU
		{33D15203-A4D6-4F2A-9CEC-71E0FB3F7052}.Debug|Any CPU.Build.0 = Debug|Any CPU
		{33D15203-A4D6-4F2A-9CEC-71E0FB3F7052}.Debug|Mixed Platforms.ActiveCfg = Debug|Any CPU
		{33D15203-A4D6-4F2A-9CEC-71E0FB3F7052}.Debug|Mixed Platforms.Build.0 = Debug|Any CPU
		{33D15203-A4D6-4F2A-9CEC-71E0FB3F7052}.Debug|x86.ActiveCfg = Debug|Any CPU
		{33D15203-A4D6-4F2A-9CEC-71E0FB3F7052}.Release|Any CPU.ActiveCfg = Release|Any CPU
		{33D15203-A4D6-4F2A-9CEC-71E0FB3F7052}.Release|Any CPU.Build.0 = Release|Any CPU
		{33D15203-A4D6-4F2A-9CEC-71E0FB3F7052}.Release|Mixed Platforms.ActiveCfg = Release|Any CPU
		{33D15203-A4D6-4F2A-9CEC-71E0FB3F7052}.Release|Mixed Platforms.Build.0 = Release|Any CPU
		{33D15203-A4D6-4F2A-9CEC-71E0FB3F7052}.Release|x86.ActiveCfg = Release|Any CPU
		{727C9595-0A04-4FA6-81BE-FFC25E8C83A4}.Debug|Any CPU.ActiveCfg = Debug|Any CPU
		{727C9595-0A04-4FA6-81BE-FFC25E8C83A4}.Debug|Any CPU.Build.0 = Debug|Any CPU
		{727C9595-0A04-4FA6-81BE-FFC25E8C83A4}.Debug|Mixed Platforms.ActiveCfg = Debug|Any CPU
		{727C9595-0A04-4FA6-81BE-FFC25E8C83A4}.Debug|Mixed Platforms.Build.0 = Debug|Any CPU
		{727C9595-0A04-4FA6-81BE-FFC25E8C83A4}.Debug|x86.ActiveCfg = Debug|Any CPU
		{727C9595-0A04-4FA6-81BE-FFC25E8C83A4}.Release|Any CPU.ActiveCfg = Release|Any CPU
		{727C9595-0A04-4FA6-81BE-FFC25E8C83A4}.Release|Any CPU.Build.0 = Release|Any CPU
		{727C9595-0A04-4FA6-81BE-FFC25E8C83A4}.Release|Mixed Platforms.ActiveCfg = Release|Any CPU
		{727C9595-0A04-4FA6-81BE-FFC25E8C83A4}.Release|Mixed Platforms.Build.0 = Release|Any CPU
		{727C9595-0A04-4FA6-81BE-FFC25E8C83A4}.Release|x86.ActiveCfg = Release|Any CPU
		{313437B8-6260-49CA-A456-3CA57F001E89}.Debug|Any CPU.ActiveCfg = Debug|Any CPU
		{313437B8-6260-49CA-A456-3CA57F001E89}.Debug|Any CPU.Build.0 = Debug|Any CPU
		{313437B8-6260-49CA-A456-3CA57F001E89}.Debug|Mixed Platforms.ActiveCfg = Debug|Any CPU
		{313437B8-6260-49CA-A456-3CA57F001E89}.Debug|x86.ActiveCfg = Debug|Any CPU
		{313437B8-6260-49CA-A456-3CA57F001E89}.Release|Any CPU.ActiveCfg = Debug|Any CPU
		{313437B8-6260-49CA-A456-3CA57F001E89}.Release|Any CPU.Build.0 = Debug|Any CPU
		{313437B8-6260-49CA-A456-3CA57F001E89}.Release|Mixed Platforms.ActiveCfg = Debug|Any CPU
		{313437B8-6260-49CA-A456-3CA57F001E89}.Release|x86.ActiveCfg = Debug|Any CPU
		{2DC58ABE-07D8-44A9-B268-70430A8EC6B3}.Debug|Any CPU.ActiveCfg = Debug|Any CPU
		{2DC58ABE-07D8-44A9-B268-70430A8EC6B3}.Debug|Any CPU.Build.0 = Debug|Any CPU
		{2DC58ABE-07D8-44A9-B268-70430A8EC6B3}.Debug|Mixed Platforms.ActiveCfg = Debug|Any CPU
		{2DC58ABE-07D8-44A9-B268-70430A8EC6B3}.Debug|Mixed Platforms.Build.0 = Debug|Any CPU
		{2DC58ABE-07D8-44A9-B268-70430A8EC6B3}.Debug|x86.ActiveCfg = Debug|Any CPU
		{2DC58ABE-07D8-44A9-B268-70430A8EC6B3}.Release|Any CPU.ActiveCfg = Release|Any CPU
		{2DC58ABE-07D8-44A9-B268-70430A8EC6B3}.Release|Any CPU.Build.0 = Release|Any CPU
		{2DC58ABE-07D8-44A9-B268-70430A8EC6B3}.Release|Mixed Platforms.ActiveCfg = Release|Any CPU
		{2DC58ABE-07D8-44A9-B268-70430A8EC6B3}.Release|Mixed Platforms.Build.0 = Release|Any CPU
		{2DC58ABE-07D8-44A9-B268-70430A8EC6B3}.Release|x86.ActiveCfg = Release|Any CPU
		{AE689CB5-CFDE-4D9A-A570-CE8E142C9BEE}.Debug|Any CPU.ActiveCfg = Debug|Any CPU
		{AE689CB5-CFDE-4D9A-A570-CE8E142C9BEE}.Debug|Any CPU.Build.0 = Debug|Any CPU
		{AE689CB5-CFDE-4D9A-A570-CE8E142C9BEE}.Debug|Mixed Platforms.ActiveCfg = Debug|Any CPU
		{AE689CB5-CFDE-4D9A-A570-CE8E142C9BEE}.Debug|x86.ActiveCfg = Debug|Any CPU
		{AE689CB5-CFDE-4D9A-A570-CE8E142C9BEE}.Release|Any CPU.ActiveCfg = Debug|Any CPU
		{AE689CB5-CFDE-4D9A-A570-CE8E142C9BEE}.Release|Any CPU.Build.0 = Debug|Any CPU
		{AE689CB5-CFDE-4D9A-A570-CE8E142C9BEE}.Release|Mixed Platforms.ActiveCfg = Debug|Any CPU
		{AE689CB5-CFDE-4D9A-A570-CE8E142C9BEE}.Release|x86.ActiveCfg = Debug|Any CPU
		{1A17EC79-F3D9-41C8-987D-350984CAB3EB}.Debug|Any CPU.ActiveCfg = Debug|Any CPU
		{1A17EC79-F3D9-41C8-987D-350984CAB3EB}.Debug|Any CPU.Build.0 = Debug|Any CPU
		{1A17EC79-F3D9-41C8-987D-350984CAB3EB}.Debug|Mixed Platforms.ActiveCfg = Debug|Any CPU
		{1A17EC79-F3D9-41C8-987D-350984CAB3EB}.Debug|Mixed Platforms.Build.0 = Debug|Any CPU
		{1A17EC79-F3D9-41C8-987D-350984CAB3EB}.Debug|x86.ActiveCfg = Debug|Any CPU
		{1A17EC79-F3D9-41C8-987D-350984CAB3EB}.Release|Any CPU.ActiveCfg = Release|Any CPU
		{1A17EC79-F3D9-41C8-987D-350984CAB3EB}.Release|Any CPU.Build.0 = Release|Any CPU
		{1A17EC79-F3D9-41C8-987D-350984CAB3EB}.Release|Mixed Platforms.ActiveCfg = Release|Any CPU
		{1A17EC79-F3D9-41C8-987D-350984CAB3EB}.Release|Mixed Platforms.Build.0 = Release|Any CPU
		{1A17EC79-F3D9-41C8-987D-350984CAB3EB}.Release|x86.ActiveCfg = Release|Any CPU
		{3A876EDD-337D-4CFA-AC57-DFCC93B1CE33}.Debug|Any CPU.ActiveCfg = Debug|Any CPU
		{3A876EDD-337D-4CFA-AC57-DFCC93B1CE33}.Debug|Any CPU.Build.0 = Debug|Any CPU
		{3A876EDD-337D-4CFA-AC57-DFCC93B1CE33}.Debug|Mixed Platforms.ActiveCfg = Debug|Any CPU
		{3A876EDD-337D-4CFA-AC57-DFCC93B1CE33}.Debug|Mixed Platforms.Build.0 = Debug|Any CPU
		{3A876EDD-337D-4CFA-AC57-DFCC93B1CE33}.Debug|x86.ActiveCfg = Debug|Any CPU
		{3A876EDD-337D-4CFA-AC57-DFCC93B1CE33}.Release|Any CPU.ActiveCfg = Release|Any CPU
		{3A876EDD-337D-4CFA-AC57-DFCC93B1CE33}.Release|Any CPU.Build.0 = Release|Any CPU
		{3A876EDD-337D-4CFA-AC57-DFCC93B1CE33}.Release|Mixed Platforms.ActiveCfg = Release|Any CPU
		{3A876EDD-337D-4CFA-AC57-DFCC93B1CE33}.Release|Mixed Platforms.Build.0 = Release|Any CPU
		{3A876EDD-337D-4CFA-AC57-DFCC93B1CE33}.Release|x86.ActiveCfg = Release|Any CPU
		{DE2A42A3-6F97-4E47-AAC3-ED7CDB715D5B}.Debug|Any CPU.ActiveCfg = Debug|Any CPU
		{DE2A42A3-6F97-4E47-AAC3-ED7CDB715D5B}.Debug|Any CPU.Build.0 = Debug|Any CPU
		{DE2A42A3-6F97-4E47-AAC3-ED7CDB715D5B}.Debug|Mixed Platforms.ActiveCfg = Debug|Any CPU
		{DE2A42A3-6F97-4E47-AAC3-ED7CDB715D5B}.Debug|Mixed Platforms.Build.0 = Debug|Any CPU
		{DE2A42A3-6F97-4E47-AAC3-ED7CDB715D5B}.Debug|x86.ActiveCfg = Debug|Any CPU
		{DE2A42A3-6F97-4E47-AAC3-ED7CDB715D5B}.Release|Any CPU.ActiveCfg = Release|Any CPU
		{DE2A42A3-6F97-4E47-AAC3-ED7CDB715D5B}.Release|Any CPU.Build.0 = Release|Any CPU
		{DE2A42A3-6F97-4E47-AAC3-ED7CDB715D5B}.Release|Mixed Platforms.ActiveCfg = Release|Any CPU
		{DE2A42A3-6F97-4E47-AAC3-ED7CDB715D5B}.Release|Mixed Platforms.Build.0 = Release|Any CPU
		{DE2A42A3-6F97-4E47-AAC3-ED7CDB715D5B}.Release|x86.ActiveCfg = Release|Any CPU
		{C4481825-3864-4BB2-A110-FF45AAB91EB7}.Debug|Any CPU.ActiveCfg = Debug|Any CPU
		{C4481825-3864-4BB2-A110-FF45AAB91EB7}.Debug|Any CPU.Build.0 = Debug|Any CPU
		{C4481825-3864-4BB2-A110-FF45AAB91EB7}.Debug|Mixed Platforms.ActiveCfg = Debug|Any CPU
		{C4481825-3864-4BB2-A110-FF45AAB91EB7}.Debug|x86.ActiveCfg = Debug|Any CPU
		{C4481825-3864-4BB2-A110-FF45AAB91EB7}.Release|Any CPU.ActiveCfg = Debug|Any CPU
		{C4481825-3864-4BB2-A110-FF45AAB91EB7}.Release|Any CPU.Build.0 = Debug|Any CPU
		{C4481825-3864-4BB2-A110-FF45AAB91EB7}.Release|Mixed Platforms.ActiveCfg = Debug|Any CPU
		{C4481825-3864-4BB2-A110-FF45AAB91EB7}.Release|x86.ActiveCfg = Debug|Any CPU
		{D276E094-3B73-4112-8DB5-973E2ED0A906}.Debug|Any CPU.ActiveCfg = Debug|Any CPU
		{D276E094-3B73-4112-8DB5-973E2ED0A906}.Debug|Any CPU.Build.0 = Debug|Any CPU
		{D276E094-3B73-4112-8DB5-973E2ED0A906}.Debug|Mixed Platforms.ActiveCfg = Debug|Any CPU
		{D276E094-3B73-4112-8DB5-973E2ED0A906}.Debug|Mixed Platforms.Build.0 = Debug|Any CPU
		{D276E094-3B73-4112-8DB5-973E2ED0A906}.Debug|x86.ActiveCfg = Debug|Any CPU
		{D276E094-3B73-4112-8DB5-973E2ED0A906}.Release|Any CPU.ActiveCfg = Release|Any CPU
		{D276E094-3B73-4112-8DB5-973E2ED0A906}.Release|Any CPU.Build.0 = Release|Any CPU
		{D276E094-3B73-4112-8DB5-973E2ED0A906}.Release|Mixed Platforms.ActiveCfg = Release|Any CPU
		{D276E094-3B73-4112-8DB5-973E2ED0A906}.Release|Mixed Platforms.Build.0 = Release|Any CPU
		{D276E094-3B73-4112-8DB5-973E2ED0A906}.Release|x86.ActiveCfg = Release|Any CPU
		{302EDEF4-4F2E-4AA5-B991-7199EF421C83}.Debug|Any CPU.ActiveCfg = Debug|Any CPU
		{302EDEF4-4F2E-4AA5-B991-7199EF421C83}.Debug|Any CPU.Build.0 = Debug|Any CPU
		{302EDEF4-4F2E-4AA5-B991-7199EF421C83}.Debug|Mixed Platforms.ActiveCfg = Debug|Any CPU
		{302EDEF4-4F2E-4AA5-B991-7199EF421C83}.Debug|Mixed Platforms.Build.0 = Debug|Any CPU
		{302EDEF4-4F2E-4AA5-B991-7199EF421C83}.Debug|x86.ActiveCfg = Debug|Any CPU
		{302EDEF4-4F2E-4AA5-B991-7199EF421C83}.Release|Any CPU.ActiveCfg = Release|Any CPU
		{302EDEF4-4F2E-4AA5-B991-7199EF421C83}.Release|Any CPU.Build.0 = Release|Any CPU
		{302EDEF4-4F2E-4AA5-B991-7199EF421C83}.Release|Mixed Platforms.ActiveCfg = Release|Any CPU
		{302EDEF4-4F2E-4AA5-B991-7199EF421C83}.Release|Mixed Platforms.Build.0 = Release|Any CPU
		{302EDEF4-4F2E-4AA5-B991-7199EF421C83}.Release|x86.ActiveCfg = Release|Any CPU
		{8D3A6688-7755-4A6A-9A3B-647DDE30E2D1}.Debug|Any CPU.ActiveCfg = Debug|Any CPU
		{8D3A6688-7755-4A6A-9A3B-647DDE30E2D1}.Debug|Any CPU.Build.0 = Debug|Any CPU
		{8D3A6688-7755-4A6A-9A3B-647DDE30E2D1}.Debug|Mixed Platforms.ActiveCfg = Debug|Any CPU
		{8D3A6688-7755-4A6A-9A3B-647DDE30E2D1}.Debug|Mixed Platforms.Build.0 = Debug|Any CPU
		{8D3A6688-7755-4A6A-9A3B-647DDE30E2D1}.Debug|x86.ActiveCfg = Debug|Any CPU
		{8D3A6688-7755-4A6A-9A3B-647DDE30E2D1}.Release|Any CPU.ActiveCfg = Release|Any CPU
		{8D3A6688-7755-4A6A-9A3B-647DDE30E2D1}.Release|Any CPU.Build.0 = Release|Any CPU
		{8D3A6688-7755-4A6A-9A3B-647DDE30E2D1}.Release|Mixed Platforms.ActiveCfg = Release|Any CPU
		{8D3A6688-7755-4A6A-9A3B-647DDE30E2D1}.Release|Mixed Platforms.Build.0 = Release|Any CPU
		{8D3A6688-7755-4A6A-9A3B-647DDE30E2D1}.Release|x86.ActiveCfg = Release|Any CPU
		{59F5AB89-CBA5-40C9-A544-B3AEBC48E948}.Debug|Any CPU.ActiveCfg = Debug|Any CPU
		{59F5AB89-CBA5-40C9-A544-B3AEBC48E948}.Debug|Any CPU.Build.0 = Debug|Any CPU
		{59F5AB89-CBA5-40C9-A544-B3AEBC48E948}.Debug|Mixed Platforms.ActiveCfg = Debug|Any CPU
		{59F5AB89-CBA5-40C9-A544-B3AEBC48E948}.Debug|Mixed Platforms.Build.0 = Debug|Any CPU
		{59F5AB89-CBA5-40C9-A544-B3AEBC48E948}.Debug|x86.ActiveCfg = Debug|Any CPU
		{59F5AB89-CBA5-40C9-A544-B3AEBC48E948}.Release|Any CPU.ActiveCfg = Release|Any CPU
		{59F5AB89-CBA5-40C9-A544-B3AEBC48E948}.Release|Any CPU.Build.0 = Release|Any CPU
		{59F5AB89-CBA5-40C9-A544-B3AEBC48E948}.Release|Mixed Platforms.ActiveCfg = Release|Any CPU
		{59F5AB89-CBA5-40C9-A544-B3AEBC48E948}.Release|Mixed Platforms.Build.0 = Release|Any CPU
		{59F5AB89-CBA5-40C9-A544-B3AEBC48E948}.Release|x86.ActiveCfg = Release|Any CPU
		{08AF4EC8-F175-47E0-A193-FEE77962878D}.Debug|Any CPU.ActiveCfg = Debug|Any CPU
		{08AF4EC8-F175-47E0-A193-FEE77962878D}.Debug|Any CPU.Build.0 = Debug|Any CPU
		{08AF4EC8-F175-47E0-A193-FEE77962878D}.Debug|Mixed Platforms.ActiveCfg = Debug|Any CPU
		{08AF4EC8-F175-47E0-A193-FEE77962878D}.Debug|Mixed Platforms.Build.0 = Debug|Any CPU
		{08AF4EC8-F175-47E0-A193-FEE77962878D}.Debug|x86.ActiveCfg = Debug|Any CPU
		{08AF4EC8-F175-47E0-A193-FEE77962878D}.Release|Any CPU.ActiveCfg = Release|Any CPU
		{08AF4EC8-F175-47E0-A193-FEE77962878D}.Release|Any CPU.Build.0 = Release|Any CPU
		{08AF4EC8-F175-47E0-A193-FEE77962878D}.Release|Mixed Platforms.ActiveCfg = Release|Any CPU
		{08AF4EC8-F175-47E0-A193-FEE77962878D}.Release|Mixed Platforms.Build.0 = Release|Any CPU
		{08AF4EC8-F175-47E0-A193-FEE77962878D}.Release|x86.ActiveCfg = Release|Any CPU
		{176984E7-8E5E-44D7-A513-8EAD02FD005B}.Debug|Any CPU.ActiveCfg = Debug|Any CPU
		{176984E7-8E5E-44D7-A513-8EAD02FD005B}.Debug|Any CPU.Build.0 = Debug|Any CPU
		{176984E7-8E5E-44D7-A513-8EAD02FD005B}.Debug|Mixed Platforms.ActiveCfg = Debug|Any CPU
		{176984E7-8E5E-44D7-A513-8EAD02FD005B}.Debug|Mixed Platforms.Build.0 = Debug|Any CPU
		{176984E7-8E5E-44D7-A513-8EAD02FD005B}.Debug|x86.ActiveCfg = Debug|Any CPU
		{176984E7-8E5E-44D7-A513-8EAD02FD005B}.Release|Any CPU.ActiveCfg = Release|Any CPU
		{176984E7-8E5E-44D7-A513-8EAD02FD005B}.Release|Any CPU.Build.0 = Release|Any CPU
		{176984E7-8E5E-44D7-A513-8EAD02FD005B}.Release|Mixed Platforms.ActiveCfg = Release|Any CPU
		{176984E7-8E5E-44D7-A513-8EAD02FD005B}.Release|Mixed Platforms.Build.0 = Release|Any CPU
		{176984E7-8E5E-44D7-A513-8EAD02FD005B}.Release|x86.ActiveCfg = Release|Any CPU
		{17537850-F2E9-4B62-9773-5E5C60A25084}.Debug|Any CPU.ActiveCfg = Debug|Any CPU
		{17537850-F2E9-4B62-9773-5E5C60A25084}.Debug|Any CPU.Build.0 = Debug|Any CPU
		{17537850-F2E9-4B62-9773-5E5C60A25084}.Debug|Mixed Platforms.ActiveCfg = Debug|Any CPU
		{17537850-F2E9-4B62-9773-5E5C60A25084}.Debug|x86.ActiveCfg = Debug|Any CPU
		{17537850-F2E9-4B62-9773-5E5C60A25084}.Release|Any CPU.ActiveCfg = Debug|Any CPU
		{17537850-F2E9-4B62-9773-5E5C60A25084}.Release|Any CPU.Build.0 = Debug|Any CPU
		{17537850-F2E9-4B62-9773-5E5C60A25084}.Release|Mixed Platforms.ActiveCfg = Debug|Any CPU
		{17537850-F2E9-4B62-9773-5E5C60A25084}.Release|x86.ActiveCfg = Debug|Any CPU
		{999E04DF-8642-4185-880E-596AF5998778}.Debug|Any CPU.ActiveCfg = Debug|Any CPU
		{999E04DF-8642-4185-880E-596AF5998778}.Debug|Any CPU.Build.0 = Debug|Any CPU
		{999E04DF-8642-4185-880E-596AF5998778}.Debug|Mixed Platforms.ActiveCfg = Debug|Any CPU
		{999E04DF-8642-4185-880E-596AF5998778}.Debug|Mixed Platforms.Build.0 = Debug|Any CPU
		{999E04DF-8642-4185-880E-596AF5998778}.Debug|x86.ActiveCfg = Debug|Any CPU
		{999E04DF-8642-4185-880E-596AF5998778}.Release|Any CPU.ActiveCfg = Release|Any CPU
		{999E04DF-8642-4185-880E-596AF5998778}.Release|Any CPU.Build.0 = Release|Any CPU
		{999E04DF-8642-4185-880E-596AF5998778}.Release|Mixed Platforms.ActiveCfg = Release|Any CPU
		{999E04DF-8642-4185-880E-596AF5998778}.Release|Mixed Platforms.Build.0 = Release|Any CPU
		{999E04DF-8642-4185-880E-596AF5998778}.Release|x86.ActiveCfg = Release|Any CPU
		{489FDDF6-623C-4231-A958-1B4097C6AF9F}.Debug|Any CPU.ActiveCfg = Debug|Any CPU
		{489FDDF6-623C-4231-A958-1B4097C6AF9F}.Debug|Any CPU.Build.0 = Debug|Any CPU
		{489FDDF6-623C-4231-A958-1B4097C6AF9F}.Debug|Mixed Platforms.ActiveCfg = Debug|Any CPU
		{489FDDF6-623C-4231-A958-1B4097C6AF9F}.Debug|Mixed Platforms.Build.0 = Debug|Any CPU
		{489FDDF6-623C-4231-A958-1B4097C6AF9F}.Debug|x86.ActiveCfg = Debug|Any CPU
		{489FDDF6-623C-4231-A958-1B4097C6AF9F}.Release|Any CPU.ActiveCfg = Release|Any CPU
		{489FDDF6-623C-4231-A958-1B4097C6AF9F}.Release|Any CPU.Build.0 = Release|Any CPU
		{489FDDF6-623C-4231-A958-1B4097C6AF9F}.Release|Mixed Platforms.ActiveCfg = Release|Any CPU
		{489FDDF6-623C-4231-A958-1B4097C6AF9F}.Release|Mixed Platforms.Build.0 = Release|Any CPU
		{489FDDF6-623C-4231-A958-1B4097C6AF9F}.Release|x86.ActiveCfg = Release|Any CPU
		{869A01D7-0E8F-482A-9DB4-C547D0DA592F}.Debug|Any CPU.ActiveCfg = Debug|x86
		{869A01D7-0E8F-482A-9DB4-C547D0DA592F}.Debug|Mixed Platforms.ActiveCfg = Debug|x86
		{869A01D7-0E8F-482A-9DB4-C547D0DA592F}.Debug|Mixed Platforms.Build.0 = Debug|x86
		{869A01D7-0E8F-482A-9DB4-C547D0DA592F}.Debug|x86.ActiveCfg = Debug|x86
		{869A01D7-0E8F-482A-9DB4-C547D0DA592F}.Debug|x86.Build.0 = Debug|x86
		{869A01D7-0E8F-482A-9DB4-C547D0DA592F}.Release|Any CPU.ActiveCfg = Release|x86
		{869A01D7-0E8F-482A-9DB4-C547D0DA592F}.Release|Mixed Platforms.ActiveCfg = Release|x86
		{869A01D7-0E8F-482A-9DB4-C547D0DA592F}.Release|Mixed Platforms.Build.0 = Release|x86
		{869A01D7-0E8F-482A-9DB4-C547D0DA592F}.Release|x86.ActiveCfg = Release|x86
		{869A01D7-0E8F-482A-9DB4-C547D0DA592F}.Release|x86.Build.0 = Release|x86
		{AB0BF664-6779-4E75-8BA9-2566CAFD2006}.Debug|Any CPU.ActiveCfg = Debug|Any CPU
		{AB0BF664-6779-4E75-8BA9-2566CAFD2006}.Debug|Any CPU.Build.0 = Debug|Any CPU
		{AB0BF664-6779-4E75-8BA9-2566CAFD2006}.Debug|Mixed Platforms.ActiveCfg = Debug|Any CPU
		{AB0BF664-6779-4E75-8BA9-2566CAFD2006}.Debug|Mixed Platforms.Build.0 = Debug|Any CPU
		{AB0BF664-6779-4E75-8BA9-2566CAFD2006}.Debug|x86.ActiveCfg = Debug|Any CPU
		{AB0BF664-6779-4E75-8BA9-2566CAFD2006}.Release|Any CPU.ActiveCfg = Debug|Any CPU
		{AB0BF664-6779-4E75-8BA9-2566CAFD2006}.Release|Any CPU.Build.0 = Debug|Any CPU
		{AB0BF664-6779-4E75-8BA9-2566CAFD2006}.Release|Mixed Platforms.ActiveCfg = Debug|Any CPU
		{AB0BF664-6779-4E75-8BA9-2566CAFD2006}.Release|Mixed Platforms.Build.0 = Debug|Any CPU
		{AB0BF664-6779-4E75-8BA9-2566CAFD2006}.Release|x86.ActiveCfg = Debug|Any CPU
		{0C1E58F4-5059-465D-8A90-2C1849EE921D}.Debug|Any CPU.ActiveCfg = Debug|Any CPU
		{0C1E58F4-5059-465D-8A90-2C1849EE921D}.Debug|Any CPU.Build.0 = Debug|Any CPU
		{0C1E58F4-5059-465D-8A90-2C1849EE921D}.Debug|Mixed Platforms.ActiveCfg = Debug|Any CPU
		{0C1E58F4-5059-465D-8A90-2C1849EE921D}.Debug|Mixed Platforms.Build.0 = Debug|Any CPU
		{0C1E58F4-5059-465D-8A90-2C1849EE921D}.Debug|x86.ActiveCfg = Debug|Any CPU
		{0C1E58F4-5059-465D-8A90-2C1849EE921D}.Release|Any CPU.ActiveCfg = Debug|Any CPU
		{0C1E58F4-5059-465D-8A90-2C1849EE921D}.Release|Any CPU.Build.0 = Debug|Any CPU
		{0C1E58F4-5059-465D-8A90-2C1849EE921D}.Release|Mixed Platforms.ActiveCfg = Debug|Any CPU
		{0C1E58F4-5059-465D-8A90-2C1849EE921D}.Release|Mixed Platforms.Build.0 = Debug|Any CPU
		{0C1E58F4-5059-465D-8A90-2C1849EE921D}.Release|x86.ActiveCfg = Debug|Any CPU
		{578C1513-703F-4ACB-8B7E-73737923C287}.Debug|Any CPU.ActiveCfg = Debug|x86
		{578C1513-703F-4ACB-8B7E-73737923C287}.Debug|Mixed Platforms.ActiveCfg = Debug|x86
		{578C1513-703F-4ACB-8B7E-73737923C287}.Debug|Mixed Platforms.Build.0 = Debug|x86
		{578C1513-703F-4ACB-8B7E-73737923C287}.Debug|x86.ActiveCfg = Debug|x86
		{578C1513-703F-4ACB-8B7E-73737923C287}.Debug|x86.Build.0 = Debug|x86
		{578C1513-703F-4ACB-8B7E-73737923C287}.Release|Any CPU.ActiveCfg = Release|x86
		{578C1513-703F-4ACB-8B7E-73737923C287}.Release|Mixed Platforms.ActiveCfg = Release|x86
		{578C1513-703F-4ACB-8B7E-73737923C287}.Release|Mixed Platforms.Build.0 = Release|x86
		{578C1513-703F-4ACB-8B7E-73737923C287}.Release|x86.ActiveCfg = Release|x86
		{578C1513-703F-4ACB-8B7E-73737923C287}.Release|x86.Build.0 = Release|x86
	EndGlobalSection
	GlobalSection(SolutionProperties) = preSolution
		HideSolutionNode = FALSE
	EndGlobalSection
	GlobalSection(NestedProjects) = preSolution
		{5EB3422E-FD54-435B-9F5A-D024091A326A} = {31A80B85-51EC-4B65-BDC1-7EF9A510CA8A}
		{AF963FA8-DE3A-4702-B627-A82FBC34D6F2} = {E33DE6BB-2337-4595-A4E5-0A2649F0F069}
		{5DCC6B7E-8B44-4CB4-AA0A-6B55569D0D3B} = {50878EDD-F4BD-4F31-8EC1-D0B552EF50A3}
		{0A92BE3D-5031-4135-8533-3F4305C1936E} = {50878EDD-F4BD-4F31-8EC1-D0B552EF50A3}
		{196BC748-EFFC-4108-B2CE-1A6E7FAE1CD3} = {C9D70FE0-8D57-4867-AD3E-CCB01B9C4DB5}
		{85F1499E-20CE-4107-9BB4-89824B6E0AC7} = {C9D70FE0-8D57-4867-AD3E-CCB01B9C4DB5}
		{20A75264-012E-4F0B-8638-CB21205704FB} = {C9D70FE0-8D57-4867-AD3E-CCB01B9C4DB5}
		{E9187DC4-1860-42C6-822A-690A89FEB03C} = {59C56FFF-6772-4DAE-97EA-B57AD23EDB7C}
		{727C9595-0A04-4FA6-81BE-FFC25E8C83A4} = {D7A98B66-5F7A-4004-BA9E-64CF9872A709}
		{1A17EC79-F3D9-41C8-987D-350984CAB3EB} = {D9EF17BC-8BBB-4E19-A5E5-B368B32C04CE}
		{3A876EDD-337D-4CFA-AC57-DFCC93B1CE33} = {59C56FFF-6772-4DAE-97EA-B57AD23EDB7C}
		{DE2A42A3-6F97-4E47-AAC3-ED7CDB715D5B} = {D7A98B66-5F7A-4004-BA9E-64CF9872A709}
		{302EDEF4-4F2E-4AA5-B991-7199EF421C83} = {D9EF17BC-8BBB-4E19-A5E5-B368B32C04CE}
		{8D3A6688-7755-4A6A-9A3B-647DDE30E2D1} = {D9EF17BC-8BBB-4E19-A5E5-B368B32C04CE}
		{59F5AB89-CBA5-40C9-A544-B3AEBC48E948} = {D9EF17BC-8BBB-4E19-A5E5-B368B32C04CE}
		{08AF4EC8-F175-47E0-A193-FEE77962878D} = {F7A07552-DF96-485E-B9DE-92A4AEC86FE4}
		{176984E7-8E5E-44D7-A513-8EAD02FD005B} = {F7A07552-DF96-485E-B9DE-92A4AEC86FE4}
		{17537850-F2E9-4B62-9773-5E5C60A25084} = {D7A98B66-5F7A-4004-BA9E-64CF9872A709}
		{869A01D7-0E8F-482A-9DB4-C547D0DA592F} = {F7A07552-DF96-485E-B9DE-92A4AEC86FE4}
		{578C1513-703F-4ACB-8B7E-73737923C287} = {F7A07552-DF96-485E-B9DE-92A4AEC86FE4}
	EndGlobalSection
	GlobalSection(SourceCodeControl) = preSolution
		SccNumberOfProjects = 24
		SccProjectUniqueName0 = D:\\Panli\\vssData\\Panli.com\\DAL\\DAL.csproj
		SccProjectName0 = \u0022$/Panli.com.root/Panli.com/DAL\u0022,\u0020GAAAAAAA
		SccLocalPath0 = D:\\Panli\\vssData\\Panli.com\\DAL
		SccProvider0 = MSSCCI:Microsoft\u0020Visual\u0020SourceSafe
		SccProjectUniqueName1 = D:\\Panli\\vssData\\Panli.com\\Panli\\Panli.csproj
		SccProjectName1 = \u0022$/Panli.com.root/Panli.com/Panli\u0022,\u0020ATEAAAAA
		SccLocalPath1 = D:\\Panli\\vssData\\Panli.com\\Panli
		SccProvider1 = MSSCCI:Microsoft\u0020Visual\u0020SourceSafe
		SccProjectUniqueName2 = D:\\Panli\\vssData\\Panli.com\\Panli.Business\\Panli.Business.csproj
		SccProjectName2 = \u0022$/Panli.com.root/Panli.com/Panli.Business\u0022,\u0020JTEAAAAA
		SccLocalPath2 = D:\\Panli\\vssData\\Panli.com\\Panli.Business
		SccProvider2 = MSSCCI:Microsoft\u0020Visual\u0020SourceSafe
		SccProjectUniqueName3 = D:\\Panli\\vssData\\Panli.com\\Panli.Model\\Panli.Model.csproj
		SccProjectTopLevelParentUniqueName3 = c2.sln
		SccProjectName3 = \u0022$/Panli.com.root/Panli.com/Panli.Model\u0022,\u0020SNFAAAAA
		SccLocalPath3 = D:\\Panli\\vssData\\Panli.com\\Panli.Model
		SccProvider3 = MSSCCI:Microsoft\u0020Visual\u0020SourceSafe
		SccProjectUniqueName4 = D:\\Panli\\vssData\\Panli.com\\Panli.Model.DataAccess\\Panli.Model.DataAccess.csproj
		SccProjectTopLevelParentUniqueName4 = c2.sln
		SccProjectName4 = \u0022$/Panli.com.root/Panli.com/Panli.Model.DataAccess\u0022,\u0020HOFAAAAA
		SccLocalPath4 = D:\\Panli\\vssData\\Panli.com\\Panli.Model.DataAccess
		SccProvider4 = MSSCCI:Microsoft\u0020Visual\u0020SourceSafe
		SccProjectUniqueName5 = D:\\Panli\\vssData\\Panli.com\\Panli.Tool.ImageUrlCrawler\\Panli.Tool.ImageUrlCrawler.csproj
		SccProjectTopLevelParentUniqueName5 = c2.sln
		SccProjectName5 = \u0022$/Panli.com.root/Panli.com/Panli.Tool.ImageUrlCrawler\u0022,\u0020YYKAAAAA
		SccLocalPath5 = D:\\Panli\\vssData\\Panli.com\\Panli.Tool.ImageUrlCrawler
		SccProvider5 = MSSCCI:Microsoft\u0020Visual\u0020SourceSafe
		SccProjectUniqueName6 = D:\\Panli\\vssData\\Panli.com\\Panli.Tool.RenovateImages\\Panli.Tool.RenovateImages.csproj
		SccProjectTopLevelParentUniqueName6 = c2.sln
		SccProjectName6 = \u0022$/Panli.com.root/Panli.com/Panli.Tool.RenovateImages\u0022,\u0020PALAAAAA
		SccLocalPath6 = D:\\Panli\\vssData\\Panli.com\\Panli.Tool.RenovateImages
		SccProvider6 = MSSCCI:Microsoft\u0020Visual\u0020SourceSafe
		SccProjectUniqueName7 = D:\\Panli\\vssData\\Panli.com\\Panli.Web\\Panli.Web.csproj
		SccProjectName7 = \u0022$/Panli.com.root/Panli.com/Panli.Web\u0022,\u0020TBLAAAAA
		SccLocalPath7 = D:\\Panli\\vssData\\Panli.com\\Panli.Web
		SccProvider7 = MSSCCI:Microsoft\u0020Visual\u0020SourceSafe
		SccProjectUniqueName8 = D:\\Panli\\vssData\\Panli.com\\WebBLL\\WebBLL.csproj
		SccProjectName8 = \u0022$/Panli.com.root/Panli.com/WebBLL\u0022,\u0020BHLAAAAA
		SccLocalPath8 = D:\\Panli\\vssData\\Panli.com\\WebBLL
		SccProvider8 = MSSCCI:Microsoft\u0020Visual\u0020SourceSafe
		SccProjectUniqueName9 = D:\\Panli\\vssData\\Panli.com\\Panli.Robot.Postman\\Panli.Robot.Postman.csproj
		SccProjectTopLevelParentUniqueName9 = c2.sln
		SccProjectName9 = \u0022$/Panli.com.root/Panli.com/Panli.Robot.Postman\u0022,\u0020PTFAAAAA
		SccLocalPath9 = D:\\Panli\\vssData\\Panli.com\\Panli.Robot.Postman
		SccProvider9 = MSSCCI:Microsoft\u0020Visual\u0020SourceSafe
		SccProjectUniqueName10 = D:\\Panli\\vssData\\Panli.com\\Panli.TestProjects.TestSnatch\\Panli.TestProjects.TestSnatch.csproj
		SccProjectTopLevelParentUniqueName10 = c2.sln
		SccProjectName10 = \u0022$/Panli.com.root/Panli.com/Panli.TestProjects.TestSnatch\u0022,\u0020HXKAAAAA
		SccLocalPath10 = D:\\Panli\\vssData\\Panli.com\\Panli.TestProjects.TestSnatch
		SccProvider10 = MSSCCI:Microsoft\u0020Visual\u0020SourceSafe
		SccProjectUniqueName11 = D:\\Panli\\vssData\\Panli.com\\Panli.Net\\Panli.Net.csproj
		SccProjectTopLevelParentUniqueName11 = c2.sln
		SccProjectName11 = \u0022$/Panli.com.root/Panli.com/Panli.Net\u0022,\u0020SQFAAAAA
		SccLocalPath11 = D:\\Panli\\vssData\\Panli.com\\Panli.Net
		SccProvider11 = MSSCCI:Microsoft\u0020Visual\u0020SourceSafe
		SccProjectUniqueName12 = D:\\Panli\\vssData\\Panli.com\\Panli.Robot.ProductUpdater\\Panli.Robot.ProductUpdater.csproj
		SccProjectTopLevelParentUniqueName12 = c2.sln
		SccProjectName12 = \u0022$/Panli.com.root/Panli.com/Panli.Robot.ProductUpdater\u0022,\u0020CUFAAAAA
		SccLocalPath12 = D:\\Panli\\vssData\\Panli.com\\Panli.Robot.ProductUpdater
		SccProvider12 = MSSCCI:Microsoft\u0020Visual\u0020SourceSafe
		SccProjectUniqueName13 = D:\\Panli\\vssData\\Panli.com\\Panli.TestProjects.Jietuan\\Panli.TestProjects.Jietuan.csproj
		SccProjectTopLevelParentUniqueName13 = c2.sln
		SccProjectName13 = \u0022$/Panli.com.root/Panli.com/Panli.TestProjects.Jietuan\u0022,\u0020WWKAAAAA
		SccLocalPath13 = D:\\Panli\\vssData\\Panli.com\\Panli.TestProjects.Jietuan
		SccProvider13 = MSSCCI:Microsoft\u0020Visual\u0020SourceSafe
		SccProjectUniqueName14 = D:\\Panli\\vssData\\Panli.com\\Panli.Web.HttpModules\\Panli.Web.HttpModules.csproj
		SccProjectName14 = \u0022$/Panli.com.root/Panli.com/Panli.Web.HttpModules\u0022,\u0020JCMAAAAA
		SccLocalPath14 = D:\\Panli\\vssData\\Panli.com\\Panli.Web.HttpModules
		SccProvider14 = MSSCCI:Microsoft\u0020Visual\u0020SourceSafe
		SccProjectUniqueName15 = D:\\Panli\\vssData\\Panli.com\\Panli.Net.Webservices\\Panli.Net.ServiceReferences.csproj
		SccProjectTopLevelParentUniqueName15 = c2.sln
		SccProjectName15 = \u0022$/Panli.com.root/Panli.com/Panli.Net.Webservices\u0022,\u0020CFMAAAAA
		SccLocalPath15 = D:\\Panli\\vssData\\Panli.com\\Panli.Net.Webservices
		SccProvider15 = MSSCCI:Microsoft\u0020Visual\u0020SourceSafe
		SccProjectUniqueName16 = D:\\Panli\\vssData\\Panli.com\\Panli.Net.RealtimeSnatch\\Panli.Net.RealtimeSnatch.csproj
		SccProjectTopLevelParentUniqueName16 = c2.sln
		SccProjectName16 = \u0022$/Panli.com.root/Panli.com/Panli.Net.RealtimeSnatch\u0022,\u0020YIMAAAAA
		SccLocalPath16 = D:\\Panli\\vssData\\Panli.com\\Panli.Net.RealtimeSnatch
		SccProvider16 = MSSCCI:Microsoft\u0020Visual\u0020SourceSafe
		SccProjectUniqueName17 = D:\\Panli\\vssData\\Panli.com\\PanliWcf\\Panli.Net.Wcf.csproj
		SccProjectTopLevelParentUniqueName17 = c2.sln
		SccProjectName17 = \u0022$/Panli.com.root/Panli.com/PanliWcf\u0022,\u0020NSNAAAAA
		SccLocalPath17 = D:\\Panli\\vssData\\Panli.com\\PanliWcf
		SccProvider17 = MSSCCI:Microsoft\u0020Visual\u0020SourceSafe
		SccProjectUniqueName18 = D:\\Panli\\vssData\\Panli.com\\Panli.TollWCFService\\PanliToolHost.csproj
		SccProjectTopLevelParentUniqueName18 = c2.sln
		SccProjectName18 = \u0022$/Panli.com.root/Panli.com/DownCartprodcutImageWCFService\u0022,\u0020VTOAAAAA
		SccLocalPath18 = D:\\Panli\\vssData\\Panli.com\\Panli.TollWCFService
		SccProvider18 = MSSCCI:Microsoft\u0020Visual\u0020SourceSafe
		SccProjectUniqueName19 = D:\\Panli\\vssData\\Panli.com\\PanliServiceLib\\PanliServiceLib.csproj
		SccProjectTopLevelParentUniqueName19 = c2.sln
		SccProjectName19 = \u0022$/Panli.com.root/Panli.com/PanliServiceLib\u0022,\u0020VDQAAAAA
		SccLocalPath19 = D:\\Panli\\vssData\\Panli.com\\PanliServiceLib
		SccProvider19 = MSSCCI:Microsoft\u0020Visual\u0020SourceSafe
		SccProjectUniqueName20 = D:\\Panli\\vssData\\Panli.com\\WebBLL.ReadOnly\\WebBLL.ReadOnly.csproj
		SccProjectName20 = \u0022$/Panli.com.root/Panli.com/WebBLL.ReadOnly\u0022,\u0020ZQUAAAAA
		SccLocalPath20 = D:\\Panli\\vssData\\Panli.com\\WebBLL.ReadOnly
		SccProvider20 = MSSCCI:Microsoft\u0020Visual\u0020SourceSafe
		SccProjectUniqueName21 = D:\\Panli\\vssData\\Panli.com\\Panli.Business.ReadOnly\\Panli.Business.ReadOnly.csproj
		SccProjectName21 = \u0022$/Panli.com.root/Panli.com/Panli.Business.ReadOnly\u0022,\u0020WQUAAAAA
		SccLocalPath21 = D:\\Panli\\vssData\\Panli.com\\Panli.Business.ReadOnly
		SccProvider21 = MSSCCI:Microsoft\u0020Visual\u0020SourceSafe
		SccProjectUniqueName22 = D:\\Panli\\vssData\\Panli.com\\Panli.WCF.Services.ShipCartBuilderHost\\Panli.WCF.Services.ShipCartBuilderHost.csproj
		SccProjectTopLevelParentUniqueName22 = c2.sln
		SccProjectName22 = \u0022$/Panli.com.root/Panli.com/Panli.WCF.Services.ShipCartBuilderHost\u0022,\u0020AHXAAAAA
		SccLocalPath22 = D:\\Panli\\vssData\\Panli.com\\Panli.WCF.Services.ShipCartBuilderHost
		SccProvider22 = MSSCCI:Microsoft\u0020Visual\u0020SourceSafe
		SccProjectUniqueName23 = D:\\Panli\\vssData\\Panli.com\\Panli.WCF.Service.ExpressClient\\Panli.WCF.Services.ExpressClient.csproj
		SccProjectTopLevelParentUniqueName23 = c2.sln
		SccProjectName23 = \u0022$/Panli.com.root/Panli.com/Panli.WCF.Service.ExpressClient\u0022,\u0020IEDBAAAA
		SccLocalPath23 = D:\\Panli\\vssData\\Panli.com\\Panli.WCF.Service.ExpressClient
		SccProvider23 = MSSCCI:Microsoft\u0020Visual\u0020SourceSafe
	EndGlobalSection
EndGlobal
